{
  "requires": true,
  "lockfileVersion": 1,
  "dependencies": {
    "@fortawesome/fontawesome-free": {
      "version": "5.13.1",
      "resolved": "https://registry.npmjs.org/@fortawesome/fontawesome-free/-/fontawesome-free-5.13.1.tgz",
      "integrity": "sha512-D819f34FLHeBN/4xvw0HR0u7U2G7RqjPSggXqf7LktsxWQ48VAfGwvMrhcVuaZV2fF069c/619RdgCCms0DHhw==",
      "dev": true
    },
    "@vue/reactivity": {
      "version": "3.1.5",
      "resolved": "https://registry.npmjs.org/@vue/reactivity/-/reactivity-3.1.5.tgz",
      "integrity": "sha512-1tdfLmNjWG6t/CsPldh+foumYFo3cpyCHgBYQ34ylaMsJ+SNHQ1kApMIa8jN+i593zQuaw3AdWH0nJTARzCFhg==",
      "dev": true,
      "requires": {
        "@vue/shared": "3.1.5"
      }
    },
    "@vue/shared": {
      "version": "3.1.5",
      "resolved": "https://registry.npmjs.org/@vue/shared/-/shared-3.1.5.tgz",
      "integrity": "sha512-oJ4F3TnvpXaQwZJNF3ZK+kLPHKarDmJjJ6jyzVNDKH9md1dptjC7lWR//jrGuLdek/U6iltWxqAnYOu8gCiOvA==",
      "dev": true
    },
    "alpinejs": {
      "version": "3.5.1",
      "resolved": "https://registry.npmjs.org/alpinejs/-/alpinejs-3.5.1.tgz",
      "integrity": "sha512-GqdRNYpEW/rCoh45oqbGLQ1w2Uygt8DNEiqD7Di/kklJ+EZ3xjDAlFlgJ2xf37K+NtzEu2NdmkaYY6B9NBI79Q==",
      "dev": true,
      "requires": {
        "@vue/reactivity": "~3.1.1"
      }
    },
    "bootstrap": {
      "version": "3.4.1",
      "resolved": "https://registry.npmjs.org/bootstrap/-/bootstrap-3.4.1.tgz",
      "integrity": "sha512-yN5oZVmRCwe5aKwzRj6736nSmKDX7pLYwsXiCj/EYmo16hODaBiT4En5btW/jhBF/seV+XMx3aYwukYC3A49DA==",
      "dev": true
    },
    "jquery": {
      "version": "1.12.4",
      "resolved": "https://registry.npmjs.org/jquery/-/jquery-1.12.4.tgz",
      "integrity": "sha1-AeHfuikP5z3rp3zurLD5ui/sngw=",
      "dev": true
    }
  }
}
